// !$*UTF8*$!
{
	archiveVersion = 1;
	classes = {
	};
	objectVersion = 50;
	objects = {

/* Begin PBXBuildFile section */
		FBFC54FC22F9ECBE00992FB0 /* AppDelegate.swift in Sources */ = {isa = PBXBuildFile; fileRef = FBFC54FB22F9ECBE00992FB0 /* AppDelegate.swift */; };
		FBFC54FE22F9ECBE00992FB0 /* ViewController.swift in Sources */ = {isa = PBXBuildFile; fileRef = FBFC54FD22F9ECBE00992FB0 /* ViewController.swift */; };
		FBFC550122F9ECBE00992FB0 /* Main.storyboard in Resources */ = {isa = PBXBuildFile; fileRef = FBFC54FF22F9ECBE00992FB0 /* Main.storyboard */; };
		FBFC550322F9ECBF00992FB0 /* Assets.xcassets in Resources */ = {isa = PBXBuildFile; fileRef = FBFC550222F9ECBF00992FB0 /* Assets.xcassets */; };
		FBFC550622F9ECBF00992FB0 /* LaunchScreen.storyboard in Resources */ = {isa = PBXBuildFile; fileRef = FBFC550422F9ECBF00992FB0 /* LaunchScreen.storyboard */; };
		FBFC551522F9F80E00992FB0 /* FriendTableViewCell.swift in Sources */ = {isa = PBXBuildFile; fileRef = FBFC551322F9F80E00992FB0 /* FriendTableViewCell.swift */; };
		FBFC551622F9F80E00992FB0 /* FriendTableViewCell.xib in Resources */ = {isa = PBXBuildFile; fileRef = FBFC551422F9F80E00992FB0 /* FriendTableViewCell.xib */; };
/* End PBXBuildFile section */

/* Begin PBXFileReference section */
		FBFC54F822F9ECBE00992FB0 /* tableViewAssignment.app */ = {isa = PBXFileReference; explicitFileType = wrapper.application; includeInIndex = 0; path = tableViewAssignment.app; sourceTree = BUILT_PRODUCTS_DIR; };
		FBFC54FB22F9ECBE00992FB0 /* AppDelegate.swift */ = {isa = PBXFileReference; lastKnownFileType = sourcecode.swift; path = AppDelegate.swift; sourceTree = "<group>"; };
		FBFC54FD22F9ECBE00992FB0 /* ViewController.swift */ = {isa = PBXFileReference; lastKnownFileType = sourcecode.swift; path = ViewController.swift; sourceTree = "<group>"; };
		FBFC550022F9ECBE00992FB0 /* Base */ = {isa = PBXFileReference; lastKnownFileType = file.storyboard; name = Base; path = Base.lproj/Main.storyboard; sourceTree = "<group>"; };
		FBFC550222F9ECBF00992FB0 /* Assets.xcassets */ = {isa = PBXFileReference; lastKnownFileType = folder.assetcatalog; path = Assets.xcassets; sourceTree = "<group>"; };
		FBFC550522F9ECBF00992FB0 /* Base */ = {isa = PBXFileReference; lastKnownFileType = file.storyboard; name = Base; path = Base.lproj/LaunchScreen.storyboard; sourceTree = "<group>"; };
		FBFC550722F9ECBF00992FB0 /* Info.plist */ = {isa = PBXFileReference; lastKnownFileType = text.plist.xml; path = Info.plist; sourceTree = "<group>"; };
		FBFC551322F9F80E00992FB0 /* FriendTableViewCell.swift */ = {isa = PBXFileReference; lastKnownFileType = sourcecode.swift; path = FriendTableViewCell.swift; sourceTree = "<group>"; };
		FBFC551422F9F80E00992FB0 /* FriendTableViewCell.xib */ = {isa = PBXFileReference; lastKnownFileType = file.xib; path = FriendTableViewCell.xib; sourceTree = "<group>"; };
/* End PBXFileReference section */

/* Begin PBXFrameworksBuildPhase section */
		FBFC54F522F9ECBE00992FB0 /* Frameworks */ = {
			isa = PBXFrameworksBuildPhase;
			buildActionMask = 2147483647;
			files = (
			);
			runOnlyForDeploymentPostprocessing = 0;
		};
/* End PBXFrameworksBuildPhase section */

/* Begin PBXGroup section */
		FBFC54EF22F9ECBE00992FB0 = {
			isa = PBXGroup;
			children = (
				FBFC54FA22F9ECBE00992FB0 /* tableViewAssignment */,
				FBFC54F922F9ECBE00992FB0 /* Products */,
			);
			sourceTree = "<group>";
		};
		FBFC54F922F9ECBE00992FB0 /* Products */ = {
			isa = PBXGroup;
			children = (
				FBFC54F822F9ECBE00992FB0 /* tableViewAssignment.app */,
			);
			name = Products;
			sourceTree = "<group>";
		};
		FBFC54FA22F9ECBE00992FB0 /* tableViewAssignment */ = {
			isa = PBXGroup;
			children = (
				FBFC54FB22F9ECBE00992FB0 /* AppDelegate.swift */,
				FBFC54FD22F9ECBE00992FB0 /* ViewController.swift */,
				FBFC54FF22F9ECBE00992FB0 /* Main.storyboard */,
				FBFC550222F9ECBF00992FB0 /* Assets.xcassets */,
				FBFC550422F9ECBF00992FB0 /* LaunchScreen.storyboard */,
				FBFC550722F9ECBF00992FB0 /* Info.plist */,
				FBFC551322F9F80E00992FB0 /* FriendTableViewCell.swift */,
				FBFC551422F9F80E00992FB0 /* FriendTableViewCell.xib */,
			);
			path = tableViewAssignment;
			sourceTree = "<group>";
		};
/* End PBXGroup section */

/* Begin PBXNativeTarget section */
		FBFC54F722F9ECBE00992FB0 /* tableViewAssignment */ = {
			isa = PBXNativeTarget;
			buildConfigurationList = FBFC550A22F9ECBF00992FB0 /* Build configuration list for PBXNativeTarget "tableViewAssignment" */;
			buildPhases = (
				FBFC54F422F9ECBE00992FB0 /* Sources */,
				FBFC54F522F9ECBE00992FB0 /* Frameworks */,
				FBFC54F622F9ECBE00992FB0 /* Resources */,
			);
			buildRules = (
			);
			dependencies = (
			);
			name = tableViewAssignment;
			productName = tableViewAssignment;
			productReference = FBFC54F822F9ECBE00992FB0 /* tableViewAssignment.app */;
			productType = "com.apple.product-type.application";
		};
/* End PBXNativeTarget section */

/* Begin PBXProject section */
		FBFC54F022F9ECBE00992FB0 /* Project object */ = {
			isa = PBXProject;
			attributes = {
				LastSwiftUpdateCheck = 1020;
				LastUpgradeCheck = 1020;
				ORGANIZATIONNAME = "Phone Zaw Myint";
				TargetAttributes = {
					FBFC54F722F9ECBE00992FB0 = {
						CreatedOnToolsVersion = 10.2.1;
					};
				};
			};
			buildConfigurationList = FBFC54F322F9ECBE00992FB0 /* Build configuration list for PBXProject "tableViewAssignment" */;
			compatibilityVersion = "Xcode 9.3";
			developmentRegion = en;
			hasScannedForEncodings = 0;
			knownRegions = (
				en,
				Base,
			);
			mainGroup = FBFC54EF22F9ECBE00992FB0;
			productRefGroup = FBFC54F922F9ECBE00992FB0 /* Products */;
			projectDirPath = "";
			projectRoot = "";
			targets = (
				FBFC54F722F9ECBE00992FB0 /* tableViewAssignment */,
			);
		};
/* End PBXProject section */

/* Begin PBXResourcesBuildPhase section */
		FBFC54F622F9ECBE00992FB0 /* Resources */ = {
			isa = PBXResourcesBuildPhase;
			buildActionMask = 2147483647;
			files = (
				FBFC550622F9ECBF00992FB0 /* LaunchScreen.storyboard in Resources */,
				FBFC550322F9ECBF00992FB0 /* Assets.xcassets in Resources */,
				FBFC550122F9ECBE00992FB0 /* Main.storyboard in Resources */,
				FBFC551622F9F80E00992FB0 /* FriendTableViewCell.xib in Resources */,
			);
			runOnlyForDeploymentPostprocessing = 0;
		};
/* End PBXResourcesBuildPhase section */

/* Begin PBXSourcesBuildPhase section */
		FBFC54F422F9ECBE00992FB0 /* Sources */ = {
			isa = PBXSourcesBuildPhase;
			buildActionMask = 2147483647;
			files = (
				FBFC551522F9F80E00992FB0 /* FriendTableViewCell.swift in Sources */,
				FBFC54FE22F9ECBE00992FB0 /* ViewController.swift in Sources */,
				FBFC54FC22F9ECBE00992FB0 /* AppDelegate.swift in Sources */,
			);
			runOnlyForDeploymentPostprocessing = 0;
		};
/* End PBXSourcesBuildPhase section */

/* Begin PBXVariantGroup section */
		FBFC54FF22F9ECBE00992FB0 /* Main.storyboard */ = {
			isa = PBXVariantGroup;
			children = (
				FBFC550022F9ECBE00992FB0 /* Base */,
			);
			name = Main.storyboard;
			sourceTree = "<group>";
		};
		FBFC550422F9ECBF00992FB0 /* LaunchScreen.storyboard */ = {
			isa = PBXVariantGroup;
			children = (
				FBFC550522F9ECBF00992FB0 /* Base */,
			);
			name = LaunchScreen.storyboard;
			sourceTree = "<group>";
		};
/* End PBXVariantGroup section */

/* Begin XCBuildConfiguration section */
		FBFC550822F9ECBF00992FB0 /* Debug */ = {
			isa = XCBuildConfiguration;
			buildSettings = {
				ALWAYS_SEARCH_USER_PATHS = NO;
				CLANG_ANALYZER_NONNULL = YES;
				CLANG_ANALYZER_NUMBER_OBJECT_CONVERSION = YES_AGGRESSIVE;
				CLANG_CXX_LANGUAGE_STANDARD = "gnu++14";
				CLANG_CXX_LIBRARY = "libc++";
				CLANG_ENABLE_MODULES = YES;
				CLANG_ENABLE_OBJC_ARC = YES;
				CLANG_ENABLE_OBJC_WEAK = YES;
				CLANG_WARN_BLOCK_CAPTURE_AUTORELEASING = YES;
				CLANG_WARN_BOOL_CONVERSION = YES;
				CLANG_WARN_COMMA = YES;
				CLANG_WARN_CONSTANT_CONVERSION = YES;
				CLANG_WARN_DEPRECATED_OBJC_IMPLEMENTATIONS = YES;
				CLANG_WARN_DIRECT_OBJC_ISA_USAGE = YES_ERROR;
				CLANG_WARN_DOCUMENTATION_COMMENTS = YES;
				CLANG_WARN_EMPTY_BODY = YES;
				CLANG_WARN_ENUM_CONVERSION = YES;
				CLANG_WARN_INFINITE_RECURSION = YES;
				CLANG_WARN_INT_CONVERSION = YES;
				CLANG_WARN_NON_LITERAL_NULL_CONVERSION = YES;
				CLANG_WARN_OBJC_IMPLICIT_RETAIN_SELF = YES;
				CLANG_WARN_OBJC_LITERAL_CONVERSION = YES;
				CLANG_WARN_OBJC_ROOT_CLASS = YES_ERROR;
				CLANG_WARN_RANGE_LOOP_ANALYSIS = YES;
				CLANG_WARN_STRICT_PROTOTYPES = YES;
				CLANG_WARN_SUSPICIOUS_MOVE = YES;
				CLANG_WARN_UNGUARDED_AVAILABILITY = YES_AGGRESSIVE;
				CLANG_WARN_UNREACHABLE_CODE = YES;
				CLANG_WARN__DUPLICATE_METHOD_MATCH = YES;
				CODE_SIGN_IDENTITY = "iPhone Developer";
				COPY_PHASE_STRIP = NO;
				DEBUG_INFORMATION_FORMAT = dwarf;
				ENABLE_STRICT_OBJC_MSGSEND = YES;
				ENABLE_TESTABILITY = YES;
				GCC_C_LANGUAGE_STANDARD = gnu11;
				GCC_DYNAMIC_NO_PIC = NO;
				GCC_NO_COMMON_BLOCKS = YES;
				GCC_OPTIMIZATION_LEVEL = 0;
				GCC_PREPROCESSOR_DEFINITIONS = (
					"DEBUG=1",
					"$(inherited)",
				);
				GCC_WARN_64_TO_32_BIT_CONVERSION = YES;
				GCC_WARN_ABOUT_RETURN_TYPE = YES_ERROR;
				GCC_WARN_UNDECLARED_SELECTOR = YES;
				GCC_WARN_UNINITIALIZED_AUTOS = YES_AGGRESSIVE;
				GCC_WARN_UNUSED_FUNCTION = YES;
				GCC_WARN_UNUSED_VARIABLE = YES;
				IPHONEOS_DEPLOYMENT_TARGET = 12.2;
				MTL_ENABLE_DEBUG_INFO = INCLUDE_SOURCE;
				MTL_FAST_MATH = YES;
				ONLY_ACTIVE_ARCH = YES;
				SDKROOT = iphoneos;
				SWIFT_ACTIVE_COMPILATION_CONDITIONS = DEBUG;
				SWIFT_OPTIMIZATION_LEVEL = "-Onone";
			};
			name = Debug;
		};
		FBFC550922F9ECBF00992FB0 /* Release */ = {
			isa = XCBuildConfiguration;
			buildSettings = {
				ALWAYS_SEARCH_USER_PATHS = NO;
				CLANG_ANALYZER_NONNULL = YES;
				CLANG_ANALYZER_NUMBER_OBJECT_CONVERSION = YES_AGGRESSIVE;
				CLANG_CXX_LANGUAGE_STANDARD = "gnu++14";
				CLANG_CXX_LIBRARY = "libc++";
				CLANG_ENABLE_MODULES = YES;
				CLANG_ENABLE_OBJC_ARC = YES;
				CLANG_ENABLE_OBJC_WEAK = YES;
				CLANG_WARN_BLOCK_CAPTURE_AUTORELEASING = YES;
				CLANG_WARN_BOOL_CONVERSION = YES;
				CLANG_WARN_COMMA = YES;
				CLANG_WARN_CONSTANT_CONVERSION = YES;
				CLANG_WARN_DEPRECATED_OBJC_IMPLEMENTATIONS = YES;
				CLANG_WARN_DIRECT_OBJC_ISA_USAGE = YES_ERROR;
				CLANG_WARN_DOCUMENTATION_COMMENTS = YES;
				CLANG_WARN_EMPTY_BODY = YES;
				CLANG_WARN_ENUM_CONVERSION = YES;
				CLANG_WARN_INFINITE_RECURSION = YES;
				CLANG_WARN_INT_CONVERSION = YES;
				CLANG_WARN_NON_LITERAL_NULL_CONVERSION = YES;
				CLANG_WARN_OBJC_IMPLICIT_RETAIN_SELF = YES;
				CLANG_WARN_OBJC_LITERAL_CONVERSION = YES;
				CLANG_WARN_OBJC_ROOT_CLASS = YES_ERROR;
				CLANG_WARN_RANGE_LOOP_ANALYSIS = YES;
				CLANG_WARN_STRICT_PROTOTYPES = YES;
				CLANG_WARN_SUSPICIOUS_MOVE = YES;
				CLANG_WARN_UNGUARDED_AVAILABILITY = YES_AGGRESSIVE;
				CLANG_WARN_UNREACHABLE_CODE = YES;
				CLANG_WARN__DUPLICATE_METHOD_MATCH = YES;
				CODE_SIGN_IDENTITY = "iPhone Developer";
				COPY_PHASE_STRIP = NO;
				DEBUG_INFORMATION_FORMAT = "dwarf-with-dsym";
				ENABLE_NS_ASSERTIONS = NO;
				ENABLE_STRICT_OBJC_MSGSEND = YES;
				GCC_C_LANGUAGE_STANDARD = gnu11;
				GCC_NO_COMMON_BLOCKS = YES;
				GCC_WARN_64_TO_32_BIT_CONVERSION = YES;
				GCC_WARN_ABOUT_RETURN_TYPE = YES_ERROR;
				GCC_WARN_UNDECLARED_SELECTOR = YES;
				GCC_WARN_UNINITIALIZED_AUTOS = YES_AGGRESSIVE;
				GCC_WARN_UNUSED_FUNCTION = YES;
				GCC_WARN_UNUSED_VARIABLE = YES;
				IPHONEOS_DEPLOYMENT_TARGET = 12.2;
				MTL_ENABLE_DEBUG_INFO = NO;
				MTL_FAST_MATH = YES;
				SDKROOT = iphoneos;
				SWIFT_COMPILATION_MODE = wholemodule;
				SWIFT_OPTIMIZATION_LEVEL = "-O";
				VALIDATE_PRODUCT = YES;
			};
			name = Release;
		};
		FBFC550B22F9ECBF00992FB0 /* Debug */ = {
			isa = XCBuildConfiguration;
			buildSettings = {
				ASSETCATALOG_COMPILER_APPICON_NAME = AppIcon;
				CODE_SIGN_STYLE = Automatic;
				INFOPLIST_FILE = tableViewAssignment/Info.plist;
				LD_RUNPATH_SEARCH_PATHS = (
					"$(inherited)",
					"@executable_path/Frameworks",
				);
				PRODUCT_BUNDLE_IDENTIFIER = com.padc.tableViewAssignment;
				PRODUCT_NAME = "$(TARGET_NAME)";
				SWIFT_VERSION = 5.0;
				TARGETED_DEVICE_FAMILY = "1,2";
			};
			name = Debug;
		};
		FBFC550C22F9ECBF00992FB0 /* Release */ = {
			isa = XCBuildConfiguration;
			buildSettings = {
				ASSETCATALOG_COMPILER_APPICON_NAME = AppIcon;
				CODE_SIGN_STYLE = Automatic;
				INFOPLIST_FILE = tableViewAssignment/Info.plist;
				LD_RUNPATH_SEARCH_PATHS = (
					"$(inherited)",
					"@executable_path/Frameworks",
				);
				PRODUCT_BUNDLE_IDENTIFIER = com.padc.tableViewAssignment;
				PRODUCT_NAME = "$(TARGET_NAME)";
				SWIFT_VERSION = 5.0;
				TARGETED_DEVICE_FAMILY = "1,2";
			};
			name = Release;
		};
/* End XCBuildConfiguration section */

/* Begin XCConfigurationList section */
		FBFC54F322F9ECBE00992FB0 /* Build configuration list for PBXProject "tableViewAssignment" */ = {
			isa = XCConfigurationList;
			buildConfigurations = (
				FBFC550822F9ECBF00992FB0 /* Debug */,
				FBFC550922F9ECBF00992FB0 /* Release */,
			);
			defaultConfigurationIsVisible = 0;
			defaultConfigurationName = Release;
		};
		FBFC550A22F9ECBF00992FB0 /* Build configuration list for PBXNativeTarget "tableViewAssignment" */ = {
			isa = XCConfigurationList;
			buildConfigurations = (
				FBFC550B22F9ECBF00992FB0 /* Debug */,
				FBFC550C22F9ECBF00992FB0 /* Release */,
			);
			defaultConfigurationIsVisible = 0;
			defaultConfigurationName = Release;
		};
/* End XCConfigurationList section */
	};
	rootObject = FBFC54F022F9ECBE00992FB0 /* Project object */;
}
